PODS:
  - AFNetworking (2.6.3):
    - AFNetworking/NSURLConnection (= 2.6.3)
    - AFNetworking/NSURLSession (= 2.6.3)
    - AFNetworking/Reachability (= 2.6.3)
    - AFNetworking/Security (= 2.6.3)
    - AFNetworking/Serialization (= 2.6.3)
    - AFNetworking/UIKit (= 2.6.3)
  - AFNetworking/NSURLConnection (2.6.3):
    - AFNetworking/Reachability
    - AFNetworking/Security
    - AFNetworking/Serialization
  - AFNetworking/NSURLSession (2.6.3):
    - AFNetworking/Reachability
    - AFNetworking/Security
    - AFNetworking/Serialization
  - AFNetworking/Reachability (2.6.3)
  - AFNetworking/Security (2.6.3)
  - AFNetworking/Serialization (2.6.3)
  - AFNetworking/UIKit (2.6.3):
    - AFNetworking/NSURLConnection
    - AFNetworking/NSURLSession
  - ARChromeActivity (1.0.6)
  - Crashlytics (3.8.3):
    - Fabric (~> 1.6.3)
  - Fabric (1.6.11)
  - FLAnimatedImage (1.0.12)
  - GRMustache (7.3.2):
    - JRSwizzle (~> 1.0)
  - GRMustache.swift (2.0.0)
  - HTMLReader (2.0.2)
  - ImgurAnonymousAPIClient (0.3.2):
    - AFNetworking (>= 2.3.1)
  - JLRoutes (1.6.4)
  - JRSwizzle (1.0)
  - KVOController (1.2.0)
  - MRProgress/ActivityIndicator (0.8.3):
    - MRProgress/Stopable
  - MRProgress/Blur (0.8.3):
    - MRProgress/Helper
  - MRProgress/Circular (0.8.3):
    - MRProgress/Helper
    - MRProgress/ProgressBaseClass
    - MRProgress/Stopable
  - MRProgress/Helper (0.8.3)
  - MRProgress/Icons (0.8.3)
  - MRProgress/Overlay (0.8.3):
    - MRProgress/ActivityIndicator
    - MRProgress/Blur
    - MRProgress/Circular
    - MRProgress/Helper
    - MRProgress/Icons
  - MRProgress/ProgressBaseClass (0.8.3)
  - MRProgress/Stopable (0.8.3):
    - MRProgress/Helper
  - OMGHTTPURLRQ (3.2.2):
    - OMGHTTPURLRQ/RQ (= 3.2.2)
  - OMGHTTPURLRQ/FormURLEncode (3.2.2)
  - OMGHTTPURLRQ/RQ (3.2.2):
    - OMGHTTPURLRQ/FormURLEncode
    - OMGHTTPURLRQ/UserAgent
  - OMGHTTPURLRQ/UserAgent (3.2.2)
  - PromiseKit (4.1.7):
    - PromiseKit/Foundation (= 4.1.7)
    - PromiseKit/QuartzCore (= 4.1.7)
    - PromiseKit/UIKit (= 4.1.7)
  - PromiseKit/CorePromise (4.1.7)
  - PromiseKit/Foundation (4.1.7):
    - PromiseKit/CorePromise
  - PromiseKit/QuartzCore (4.1.7):
    - PromiseKit/CorePromise
  - PromiseKit/UIKit (4.1.7):
    - PromiseKit/CorePromise
  - PSMenuItem (1.0.0)
  - PullToRefresher (1.4.0)
  - TUSafariActivity (1.0.4)
  - WebViewJavascriptBridge (4.1.4)

DEPENDENCIES:
  - AFNetworking (~> 2.0)
  - ARChromeActivity
  - Crashlytics
  - FLAnimatedImage
  - GRMustache
  - GRMustache.swift
  - HTMLReader
  - ImgurAnonymousAPIClient
  - JLRoutes
  - KVOController
  - MRProgress/Overlay
  - OMGHTTPURLRQ
  - PromiseKit
  - PSMenuItem (from `https://github.com/steipete/PSMenuItem`, commit `489dbb1c42f8c2c43ac04f0a34faf9aea3b7aa79`)
  - PullToRefresher (from `https://github.com/marlontojal/PullToRefresh`, commit `f740b9e3e7a7497f81b2e2ef5acea7d15d4d91b0`)
  - TUSafariActivity
  - WebViewJavascriptBridge

EXTERNAL SOURCES:
  PSMenuItem:
    :commit: 489dbb1c42f8c2c43ac04f0a34faf9aea3b7aa79
    :git: https://github.com/steipete/PSMenuItem
  PullToRefresher:
    :commit: f740b9e3e7a7497f81b2e2ef5acea7d15d4d91b0
    :git: https://github.com/marlontojal/PullToRefresh

CHECKOUT OPTIONS:
  PSMenuItem:
    :commit: 489dbb1c42f8c2c43ac04f0a34faf9aea3b7aa79
    :git: https://github.com/steipete/PSMenuItem
  PullToRefresher:
    :commit: f740b9e3e7a7497f81b2e2ef5acea7d15d4d91b0
    :git: https://github.com/marlontojal/PullToRefresh

SPEC CHECKSUMS:
  AFNetworking: cb8d14a848e831097108418f5d49217339d4eb60
  ARChromeActivity: 5dcf9b9f09323761f992aff3525cdd777f83609d
  Crashlytics: 2b6dbe138a42395577cfa73dfa1aa7248cadf39e
  Fabric: 5911403591946b8228ab1c51d98f1d7137e863c6
  FLAnimatedImage: 4a0b56255d9b05f18b6dd7ee06871be5d3b89e31
  GRMustache: ebe6104fd30a6d22c1f36af131e19e2dbf7cd292
  GRMustache.swift: 8a547c12bea16052071b2b540af83d770075f0eb
  HTMLReader: e58462a84fe1840cbe4706a8a705524052806081
  ImgurAnonymousAPIClient: d1887ebe11b64a44ede12928b101d1f1c0099c2b
  JLRoutes: a2e6efb1b1070feccb6dc68e1646ca870f42115b
  JRSwizzle: dd5ead5d913a0f29e7f558200165849f006bb1e3
  KVOController: d72ace34afea42468329623b3379ab3cd1d286b6
  MRProgress: 16de7cc9f347e8846797a770db102a323fe7ef09
  OMGHTTPURLRQ: edb14c7d28add69226b79d826f930805927a0ffa
  PromiseKit: 779f2e41faf62d854e7593026ddbcb0bb5c5002d
  PSMenuItem: 12d6bc3716fa44c91eabc2539abb4b3ca46a3e22
  PullToRefresher: c4629a459f305c14a66d35f52c2feeaccf85c49e
  TUSafariActivity: afc55a00965377939107ce4fdc7f951f62454546
  WebViewJavascriptBridge: f10ac16f2cd3adf2b941bd79477c55a8f6e01044

PODFILE CHECKSUM: 34422ca497bc8fc4c21a0eab5c4d132636c7a747

COCOAPODS: 1.3.1
