{
  "object": {
    "pins": [
      {
        "package": "HTMLReader",
        "repositoryURL": "https://github.com/nolanw/HTMLReader",
        "state": {
          "branch": null,
          "revision": "46afbc51f008298b22716f91a36c96e398a83c3d",
          "version": "2.1.4"
        }
      },
      {
        "package": "PromiseKit",
        "repositoryURL": "https://github.com/mxcl/PromiseKit",
        "state": {
          "branch": null,
          "revision": "4d8d1287d2e50c53a9f8430ffe88925292838c57",
          "version": "6.11.0"
        }
      }
    ]
  },
  "version": 1
}
